// !$*UTF8*$!
{
	archiveVersion = 1;
	classes = {
	};
	objectVersion = 46;
	objects = {

/* Begin PBXBuildFile section */
		262670431A9166400080C359 /* AppDelegate.swift in Sources */ = {isa = PBXBuildFile; fileRef = 262670421A9166400080C359 /* AppDelegate.swift */; };
		262670451A9166400080C359 /* ViewController.swift in Sources */ = {isa = PBXBuildFile; fileRef = 262670441A9166400080C359 /* ViewController.swift */; };
		262670481A9166400080C359 /* Main.storyboard in Resources */ = {isa = PBXBuildFile; fileRef = 262670461A9166400080C359 /* Main.storyboard */; };
		2626704A1A9166400080C359 /* Images.xcassets in Resources */ = {isa = PBXBuildFile; fileRef = 262670491A9166400080C359 /* Images.xcassets */; };
		2626704D1A9166400080C359 /* LaunchScreen.xib in Resources */ = {isa = PBXBuildFile; fileRef = 2626704B1A9166400080C359 /* LaunchScreen.xib */; };
		262670591A9166400080C359 /* BlackJackTests.swift in Sources */ = {isa = PBXBuildFile; fileRef = 262670581A9166400080C359 /* BlackJackTests.swift */; };
/* End PBXBuildFile section */

/* Begin PBXContainerItemProxy section */
		262670531A9166400080C359 /* PBXContainerItemProxy */ = {
			isa = PBXContainerItemProxy;
			containerPortal = 262670351A9166400080C359 /* Project object */;
			proxyType = 1;
			remoteGlobalIDString = 2626703C1A9166400080C359;
			remoteInfo = BlackJack;
		};
/* End PBXContainerItemProxy section */

/* Begin PBXFileReference section */
		2626703D1A9166400080C359 /* BlackJack.app */ = {isa = PBXFileReference; explicitFileType = wrapper.application; includeInIndex = 0; path = BlackJack.app; sourceTree = BUILT_PRODUCTS_DIR; };
		262670411A9166400080C359 /* Info.plist */ = {isa = PBXFileReference; lastKnownFileType = text.plist.xml; path = Info.plist; sourceTree = "<group>"; };
		262670421A9166400080C359 /* AppDelegate.swift */ = {isa = PBXFileReference; lastKnownFileType = sourcecode.swift; path = AppDelegate.swift; sourceTree = "<group>"; };
		262670441A9166400080C359 /* ViewController.swift */ = {isa = PBXFileReference; lastKnownFileType = sourcecode.swift; path = ViewController.swift; sourceTree = "<group>"; };
		262670471A9166400080C359 /* Base */ = {isa = PBXFileReference; lastKnownFileType = file.storyboard; name = Base; path = Base.lproj/Main.storyboard; sourceTree = "<group>"; };
		262670491A9166400080C359 /* Images.xcassets */ = {isa = PBXFileReference; lastKnownFileType = folder.assetcatalog; path = Images.xcassets; sourceTree = "<group>"; };
		2626704C1A9166400080C359 /* Base */ = {isa = PBXFileReference; lastKnownFileType = file.xib; name = Base; path = Base.lproj/LaunchScreen.xib; sourceTree = "<group>"; };
		262670521A9166400080C359 /* BlackJackTests.xctest */ = {isa = PBXFileReference; explicitFileType = wrapper.cfbundle; includeInIndex = 0; path = BlackJackTests.xctest; sourceTree = BUILT_PRODUCTS_DIR; };
		262670571A9166400080C359 /* Info.plist */ = {isa = PBXFileReference; lastKnownFileType = text.plist.xml; path = Info.plist; sourceTree = "<group>"; };
		262670581A9166400080C359 /* BlackJackTests.swift */ = {isa = PBXFileReference; lastKnownFileType = sourcecode.swift; path = BlackJackTests.swift; sourceTree = "<group>"; };
/* End PBXFileReference section */

/* Begin PBXFrameworksBuildPhase section */
		2626703A1A9166400080C359 /* Frameworks */ = {
			isa = PBXFrameworksBuildPhase;
			buildActionMask = 2147483647;
			files = (
			);
			runOnlyForDeploymentPostprocessing = 0;
		};
		2626704F1A9166400080C359 /* Frameworks */ = {
			isa = PBXFrameworksBuildPhase;
			buildActionMask = 2147483647;
			files = (
			);
			runOnlyForDeploymentPostprocessing = 0;
		};
/* End PBXFrameworksBuildPhase section */

/* Begin PBXGroup section */
		262670341A9166400080C359 = {
			isa = PBXGroup;
			children = (
				2626703F1A9166400080C359 /* BlackJack */,
				262670551A9166400080C359 /* BlackJackTests */,
				2626703E1A9166400080C359 /* Products */,
			);
			sourceTree = "<group>";
		};
		2626703E1A9166400080C359 /* Products */ = {
			isa = PBXGroup;
			children = (
				2626703D1A9166400080C359 /* BlackJack.app */,
				262670521A9166400080C359 /* BlackJackTests.xctest */,
			);
			name = Products;
			sourceTree = "<group>";
		};
		2626703F1A9166400080C359 /* BlackJack */ = {
			isa = PBXGroup;
			children = (
				262670441A9166400080C359 /* ViewController.swift */,
				262670461A9166400080C359 /* Main.storyboard */,
				262670401A9166400080C359 /* Supporting Files */,
			);
			path = BlackJack;
			sourceTree = "<group>";
		};
		262670401A9166400080C359 /* Supporting Files */ = {
			isa = PBXGroup;
			children = (
				262670491A9166400080C359 /* Images.xcassets */,
				2626704B1A9166400080C359 /* LaunchScreen.xib */,
				262670421A9166400080C359 /* AppDelegate.swift */,
				262670411A9166400080C359 /* Info.plist */,
			);
			name = "Supporting Files";
			sourceTree = "<group>";
		};
		262670551A9166400080C359 /* BlackJackTests */ = {
			isa = PBXGroup;
			children = (
				262670581A9166400080C359 /* BlackJackTests.swift */,
				262670561A9166400080C359 /* Supporting Files */,
			);
			path = BlackJackTests;
			sourceTree = "<group>";
		};
		262670561A9166400080C359 /* Supporting Files */ = {
			isa = PBXGroup;
			children = (
				262670571A9166400080C359 /* Info.plist */,
			);
			name = "Supporting Files";
			sourceTree = "<group>";
		};
/* End PBXGroup section */

/* Begin PBXNativeTarget section */
		2626703C1A9166400080C359 /* BlackJack */ = {
			isa = PBXNativeTarget;
			buildConfigurationList = 2626705C1A9166400080C359 /* Build configuration list for PBXNativeTarget "BlackJack" */;
			buildPhases = (
				262670391A9166400080C359 /* Sources */,
				2626703A1A9166400080C359 /* Frameworks */,
				2626703B1A9166400080C359 /* Resources */,
			);
			buildRules = (
			);
			dependencies = (
			);
			name = BlackJack;
			productName = BlackJack;
			productReference = 2626703D1A9166400080C359 /* BlackJack.app */;
			productType = "com.apple.product-type.application";
		};
		262670511A9166400080C359 /* BlackJackTests */ = {
			isa = PBXNativeTarget;
			buildConfigurationList = 2626705F1A9166400080C359 /* Build configuration list for PBXNativeTarget "BlackJackTests" */;
			buildPhases = (
				2626704E1A9166400080C359 /* Sources */,
				2626704F1A9166400080C359 /* Frameworks */,
				262670501A9166400080C359 /* Resources */,
			);
			buildRules = (
			);
			dependencies = (
				262670541A9166400080C359 /* PBXTargetDependency */,
			);
			name = BlackJackTests;
			productName = BlackJackTests;
			productReference = 262670521A9166400080C359 /* BlackJackTests.xctest */;
			productType = "com.apple.product-type.bundle.unit-test";
		};
/* End PBXNativeTarget section */

/* Begin PBXProject section */
		262670351A9166400080C359 /* Project object */ = {
			isa = PBXProject;
			attributes = {
				LastUpgradeCheck = 0610;
				ORGANIZATIONNAME = "Era Chaudhary";
				TargetAttributes = {
					2626703C1A9166400080C359 = {
						CreatedOnToolsVersion = 6.1;
					};
					262670511A9166400080C359 = {
						CreatedOnToolsVersion = 6.1;
						TestTargetID = 2626703C1A9166400080C359;
					};
				};
			};
			buildConfigurationList = 262670381A9166400080C359 /* Build configuration list for PBXProject "BlackJack" */;
			compatibilityVersion = "Xcode 3.2";
			developmentRegion = English;
			hasScannedForEncodings = 0;
			knownRegions = (
				en,
				Base,
			);
			mainGroup = 262670341A9166400080C359;
			productRefGroup = 2626703E1A9166400080C359 /* Products */;
			projectDirPath = "";
			projectRoot = "";
			targets = (
				2626703C1A9166400080C359 /* BlackJack */,
				262670511A9166400080C359 /* BlackJackTests */,
			);
		};
/* End PBXProject section */

/* Begin PBXResourcesBuildPhase section */
		2626703B1A9166400080C359 /* Resources */ = {
			isa = PBXResourcesBuildPhase;
			buildActionMask = 2147483647;
			files = (
				262670481A9166400080C359 /* Main.storyboard in Resources */,
				2626704D1A9166400080C359 /* LaunchScreen.xib in Resources */,
				2626704A1A9166400080C359 /* Images.xcassets in Resources */,
			);
			runOnlyForDeploymentPostprocessing = 0;
		};
		262670501A9166400080C359 /* Resources */ = {
			isa = PBXResourcesBuildPhase;
			buildActionMask = 2147483647;
			files = (
			);
			runOnlyForDeploymentPostprocessing = 0;
		};
/* End PBXResourcesBuildPhase section */

/* Begin PBXSourcesBuildPhase section */
		262670391A9166400080C359 /* Sources */ = {
			isa = PBXSourcesBuildPhase;
			buildActionMask = 2147483647;
			files = (
				262670451A9166400080C359 /* ViewController.swift in Sources */,
				262670431A9166400080C359 /* AppDelegate.swift in Sources */,
			);
			runOnlyForDeploymentPostprocessing = 0;
		};
		2626704E1A9166400080C359 /* Sources */ = {
			isa = PBXSourcesBuildPhase;
			buildActionMask = 2147483647;
			files = (
				262670591A9166400080C359 /* BlackJackTests.swift in Sources */,
			);
			runOnlyForDeploymentPostprocessing = 0;
		};
/* End PBXSourcesBuildPhase section */

/* Begin PBXTargetDependency section */
		262670541A9166400080C359 /* PBXTargetDependency */ = {
			isa = PBXTargetDependency;
			target = 2626703C1A9166400080C359 /* BlackJack */;
			targetProxy = 262670531A9166400080C359 /* PBXContainerItemProxy */;
		};
/* End PBXTargetDependency section */

/* Begin PBXVariantGroup section */
		262670461A9166400080C359 /* Main.storyboard */ = {
			isa = PBXVariantGroup;
			children = (
				262670471A9166400080C359 /* Base */,
			);
			name = Main.storyboard;
			sourceTree = "<group>";
		};
		2626704B1A9166400080C359 /* LaunchScreen.xib */ = {
			isa = PBXVariantGroup;
			children = (
				2626704C1A9166400080C359 /* Base */,
			);
			name = LaunchScreen.xib;
			sourceTree = "<group>";
		};
/* End PBXVariantGroup section */

/* Begin XCBuildConfiguration section */
		2626705A1A9166400080C359 /* Debug */ = {
			isa = XCBuildConfiguration;
			buildSettings = {
				ALWAYS_SEARCH_USER_PATHS = NO;
				CLANG_CXX_LANGUAGE_STANDARD = "gnu++0x";
				CLANG_CXX_LIBRARY = "libc++";
				CLANG_ENABLE_MODULES = YES;
				CLANG_ENABLE_OBJC_ARC = YES;
				CLANG_WARN_BOOL_CONVERSION = YES;
				CLANG_WARN_CONSTANT_CONVERSION = YES;
				CLANG_WARN_DIRECT_OBJC_ISA_USAGE = YES_ERROR;
				CLANG_WARN_EMPTY_BODY = YES;
				CLANG_WARN_ENUM_CONVERSION = YES;
				CLANG_WARN_INT_CONVERSION = YES;
				CLANG_WARN_OBJC_ROOT_CLASS = YES_ERROR;
				CLANG_WARN_UNREACHABLE_CODE = YES;
				CLANG_WARN__DUPLICATE_METHOD_MATCH = YES;
				"CODE_SIGN_IDENTITY[sdk=iphoneos*]" = "iPhone Developer";
				COPY_PHASE_STRIP = NO;
				ENABLE_STRICT_OBJC_MSGSEND = YES;
				GCC_C_LANGUAGE_STANDARD = gnu99;
				GCC_DYNAMIC_NO_PIC = NO;
				GCC_OPTIMIZATION_LEVEL = 0;
				GCC_PREPROCESSOR_DEFINITIONS = (
					"DEBUG=1",
					"$(inherited)",
				);
				GCC_SYMBOLS_PRIVATE_EXTERN = NO;
				GCC_WARN_64_TO_32_BIT_CONVERSION = YES;
				GCC_WARN_ABOUT_RETURN_TYPE = YES_ERROR;
				GCC_WARN_UNDECLARED_SELECTOR = YES;
				GCC_WARN_UNINITIALIZED_AUTOS = YES_AGGRESSIVE;
				GCC_WARN_UNUSED_FUNCTION = YES;
				GCC_WARN_UNUSED_VARIABLE = YES;
				IPHONEOS_DEPLOYMENT_TARGET = 8.1;
				MTL_ENABLE_DEBUG_INFO = YES;
				ONLY_ACTIVE_ARCH = YES;
				SDKROOT = iphoneos;
				SWIFT_OPTIMIZATION_LEVEL = "-Onone";
				TARGETED_DEVICE_FAMILY = "1,2";
			};
			name = Debug;
		};
		2626705B1A9166400080C359 /* Release */ = {
			isa = XCBuildConfiguration;
			buildSettings = {
				ALWAYS_SEARCH_USER_PATHS = NO;
				CLANG_CXX_LANGUAGE_STANDARD = "gnu++0x";
				CLANG_CXX_LIBRARY = "libc++";
				CLANG_ENABLE_MODULES = YES;
				CLANG_ENABLE_OBJC_ARC = YES;
				CLANG_WARN_BOOL_CONVERSION = YES;
				CLANG_WARN_CONSTANT_CONVERSION = YES;
				CLANG_WARN_DIRECT_OBJC_ISA_USAGE = YES_ERROR;
				CLANG_WARN_EMPTY_BODY = YES;
				CLANG_WARN_ENUM_CONVERSION = YES;
				CLANG_WARN_INT_CONVERSION = YES;
				CLANG_WARN_OBJC_ROOT_CLASS = YES_ERROR;
				CLANG_WARN_UNREACHABLE_CODE = YES;
				CLANG_WARN__DUPLICATE_METHOD_MATCH = YES;
				"CODE_SIGN_IDENTITY[sdk=iphoneos*]" = "iPhone Developer";
				COPY_PHASE_STRIP = YES;
				ENABLE_NS_ASSERTIONS = NO;
				ENABLE_STRICT_OBJC_MSGSEND = YES;
				GCC_C_LANGUAGE_STANDARD = gnu99;
				GCC_WARN_64_TO_32_BIT_CONVERSION = YES;
				GCC_WARN_ABOUT_RETURN_TYPE = YES_ERROR;
				GCC_WARN_UNDECLARED_SELECTOR = YES;
				GCC_WARN_UNINITIALIZED_AUTOS = YES_AGGRESSIVE;
				GCC_WARN_UNUSED_FUNCTION = YES;
				GCC_WARN_UNUSED_VARIABLE = YES;
				IPHONEOS_DEPLOYMENT_TARGET = 8.1;
				MTL_ENABLE_DEBUG_INFO = NO;
				SDKROOT = iphoneos;
				TARGETED_DEVICE_FAMILY = "1,2";
				VALIDATE_PRODUCT = YES;
			};
			name = Release;
		};
		2626705D1A9166400080C359 /* Debug */ = {
			isa = XCBuildConfiguration;
			buildSettings = {
				ASSETCATALOG_COMPILER_APPICON_NAME = AppIcon;
				INFOPLIST_FILE = BlackJack/Info.plist;
				LD_RUNPATH_SEARCH_PATHS = "$(inherited) @executable_path/Frameworks";
				PRODUCT_NAME = "$(TARGET_NAME)";
			};
			name = Debug;
		};
		2626705E1A9166400080C359 /* Release */ = {
			isa = XCBuildConfiguration;
			buildSettings = {
				ASSETCATALOG_COMPILER_APPICON_NAME = AppIcon;
				INFOPLIST_FILE = BlackJack/Info.plist;
				LD_RUNPATH_SEARCH_PATHS = "$(inherited) @executable_path/Frameworks";
				PRODUCT_NAME = "$(TARGET_NAME)";
			};
			name = Release;
		};
		262670601A9166400080C359 /* Debug */ = {
			isa = XCBuildConfiguration;
			buildSettings = {
				BUNDLE_LOADER = "$(TEST_HOST)";
				FRAMEWORK_SEARCH_PATHS = (
					"$(SDKROOT)/Developer/Library/Frameworks",
					"$(inherited)",
				);
				GCC_PREPROCESSOR_DEFINITIONS = (
					"DEBUG=1",
					"$(inherited)",
				);
				INFOPLIST_FILE = BlackJackTests/Info.plist;
				LD_RUNPATH_SEARCH_PATHS = "$(inherited) @executable_path/Frameworks @loader_path/Frameworks";
				PRODUCT_NAME = "$(TARGET_NAME)";
				TEST_HOST = "$(BUILT_PRODUCTS_DIR)/BlackJack.app/BlackJack";
			};
			name = Debug;
		};
		262670611A9166400080C359 /* Release */ = {
			isa = XCBuildConfiguration;
			buildSettings = {
				BUNDLE_LOADER = "$(TEST_HOST)";
				FRAMEWORK_SEARCH_PATHS = (
					"$(SDKROOT)/Developer/Library/Frameworks",
					"$(inherited)",
				);
				INFOPLIST_FILE = BlackJackTests/Info.plist;
				LD_RUNPATH_SEARCH_PATHS = "$(inherited) @executable_path/Frameworks @loader_path/Frameworks";
				PRODUCT_NAME = "$(TARGET_NAME)";
				TEST_HOST = "$(BUILT_PRODUCTS_DIR)/BlackJack.app/BlackJack";
			};
			name = Release;
		};
/* End XCBuildConfiguration section */

/* Begin XCConfigurationList section */
		262670381A9166400080C359 /* Build configuration list for PBXProject "BlackJack" */ = {
			isa = XCConfigurationList;
			buildConfigurations = (
				2626705A1A9166400080C359 /* Debug */,
				2626705B1A9166400080C359 /* Release */,
			);
			defaultConfigurationIsVisible = 0;
			defaultConfigurationName = Release;
		};
		2626705C1A9166400080C359 /* Build configuration list for PBXNativeTarget "BlackJack" */ = {
			isa = XCConfigurationList;
			buildConfigurations = (
				2626705D1A9166400080C359 /* Debug */,
				2626705E1A9166400080C359 /* Release */,
			);
			defaultConfigurationIsVisible = 0;
			defaultConfigurationName = Release;
		};
		2626705F1A9166400080C359 /* Build configuration list for PBXNativeTarget "BlackJackTests" */ = {
			isa = XCConfigurationList;
			buildConfigurations = (
				262670601A9166400080C359 /* Debug */,
				262670611A9166400080C359 /* Release */,
			);
			defaultConfigurationIsVisible = 0;
			defaultConfigurationName = Release;
		};
/* End XCConfigurationList section */
	};
	rootObject = 262670351A9166400080C359 /* Project object */;
}
